{
    "_meta": {
        "hash": {
            "sha256": "63683cd88ae2cf2be3c9fe41f22ab02aa5e6b0e0da81c11044051fc902612d13"
        },
        "pipfile-spec": 6,
        "requires": {
            "python_version": "3.7"
        },
        "sources": [
            {
                "name": "pypi",
                "url": "https://pypi.org/simple",
                "verify_ssl": true
            }
        ]
    },
    "default": {
        "altgraph": {
            "hashes": [
                "sha256:d6814989f242b2b43025cba7161fc1b8fb487a62cd49c49245d6fd01c18ac997",
                "sha256:ddf5320017147ba7b810198e0b6619bd7b5563aa034da388cea8546b877f9b0c"
            ],
            "version": "==0.16.1"
        },
        "backcall": {
            "hashes": [
                "sha256:38ecd85be2c1e78f77fd91700c76e14667dc21e2713b63876c0eb901196e01e4",
                "sha256:bbbf4b1e5cd2bdb08f915895b51081c041bac22394fdfcfdfbe9f14b77c08bf2"
            ],
            "version": "==0.1.0"
        },
        "certifi": {
            "hashes": [
                "sha256:59b7658e26ca9c7339e00f8f4636cdfe59d34fa37b9b04f6f9e9926b3cece1a5",
                "sha256:b26104d6835d1f5e49452a26eb2ff87fe7090b89dfcaee5ea2212697e1e1d7ae"
            ],
            "version": "==2019.3.9"
        },
        "chardet": {
            "hashes": [
                "sha256:84ab92ed1c4d4f16916e05906b6b75a6c0fb5db821cc65e70cbd64a3e2a5eaae",
                "sha256:fc323ffcaeaed0e0a02bf4d117757b98aed530d9ed4531e3e15460124c106691"
            ],
            "version": "==3.0.4"
        },
        "colorama": {
            "hashes": [
                "sha256:05eed71e2e327246ad6b38c540c4a3117230b19679b875190486ddd2d721422d",
                "sha256:f8ac84de7840f5b9c4e3347b3c1eaa50f7e49c2b07596221daec5edaabbd7c48"
            ],
            "markers": "sys_platform == 'win32'",
            "version": "==0.4.1"
        },
        "decorator": {
            "hashes": [
                "sha256:86156361c50488b84a3f148056ea716ca587df2f0de1d34750d35c21312725de",
                "sha256:f069f3a01830ca754ba5258fde2278454a0b5b79e0d7f5c13b3b97e57d4acff6"
            ],
            "version": "==4.4.0"
        },
        "et-xmlfile": {
            "hashes": [
                "sha256:614d9722d572f6246302c4491846d2c393c199cfa4edc9af593437691683335b"
            ],
            "version": "==1.0.1"
        },
        "future": {
            "hashes": [
                "sha256:67045236dcfd6816dc439556d009594abf643e5eb48992e36beac09c2ca659b8"
            ],
            "version": "==0.17.1"
        },
        "idna": {
            "hashes": [
                "sha256:c357b3f628cf53ae2c4c05627ecc484553142ca23264e593d327bcde5e9c3407",
                "sha256:ea8b7f6188e6fa117537c3df7da9fc686d485087abf6ac197f9c46432f7e4a3c"
            ],
            "version": "==2.8"
        },
        "ipython": {
            "hashes": [
                "sha256:b038baa489c38f6d853a3cfc4c635b0cda66f2864d136fe8f40c1a6e334e2a6b",
                "sha256:f5102c1cd67e399ec8ea66bcebe6e3968ea25a8977e53f012963e5affeb1fe38"
            ],
            "index": "pypi",
            "version": "==7.4.0"
        },
        "ipython-genutils": {
            "hashes": [
                "sha256:72dd37233799e619666c9f639a9da83c34013a73e8bbc79a7a6348d93c61fab8",
                "sha256:eb2e116e75ecef9d4d228fdc66af54269afa26ab4463042e33785b887c628ba8"
            ],
            "version": "==0.2.0"
        },
        "jdcal": {
            "hashes": [
                "sha256:948fb8d079e63b4be7a69dd5f0cd618a0a57e80753de8248fd786a8a20658a07",
                "sha256:ea0a5067c5f0f50ad4c7bdc80abad3d976604f6fb026b0b3a17a9d84bb9046c9"
            ],
            "version": "==1.4"
        },
        "jedi": {
            "hashes": [
                "sha256:2bb0603e3506f708e792c7f4ad8fc2a7a9d9c2d292a358fbbd58da531695595b",
                "sha256:2c6bcd9545c7d6440951b12b44d373479bf18123a401a52025cf98563fbd826c"
            ],
            "version": "==0.13.3"
        },
        "macholib": {
            "hashes": [
                "sha256:ac02d29898cf66f27510d8f39e9112ae00590adb4a48ec57b25028d6962b1ae1",
                "sha256:c4180ffc6f909bf8db6cd81cff4b6f601d575568f4d5dee148c830e9851eb9db"
            ],
            "version": "==1.11"
        },
        "numpy": {
            "hashes": [
                "sha256:1980f8d84548d74921685f68096911585fee393975f53797614b34d4f409b6da",
                "sha256:22752cd809272671b273bb86df0f505f505a12368a3a5fc0aa811c7ece4dfd5c",
                "sha256:23cc40313036cffd5d1873ef3ce2e949bdee0646c5d6f375bf7ee4f368db2511",
                "sha256:2b0b118ff547fecabc247a2668f48f48b3b1f7d63676ebc5be7352a5fd9e85a5",
                "sha256:3a0bd1edf64f6a911427b608a894111f9fcdb25284f724016f34a84c9a3a6ea9",
                "sha256:3f25f6c7b0d000017e5ac55977a3999b0b1a74491eacb3c1aa716f0e01f6dcd1",
                "sha256:4061c79ac2230594a7419151028e808239450e676c39e58302ad296232e3c2e8",
                "sha256:560ceaa24f971ab37dede7ba030fc5d8fa173305d94365f814d9523ffd5d5916",
                "sha256:62be044cd58da2a947b7e7b2252a10b42920df9520fc3d39f5c4c70d5460b8ba",
                "sha256:6c692e3879dde0b67a9dc78f9bfb6f61c666b4562fd8619632d7043fb5b691b0",
                "sha256:6f65e37b5a331df950ef6ff03bd4136b3c0bbcf44d4b8e99135d68a537711b5a",
                "sha256:7a78cc4ddb253a55971115f8320a7ce28fd23a065fc33166d601f51760eecfa9",
                "sha256:80a41edf64a3626e729a62df7dd278474fc1726836552b67a8c6396fd7e86760",
                "sha256:893f4d75255f25a7b8516feb5766c6b63c54780323b9bd4bc51cdd7efc943c73",
                "sha256:972ea92f9c1b54cc1c1a3d8508e326c0114aaf0f34996772a30f3f52b73b942f",
                "sha256:9f1d4865436f794accdabadc57a8395bd3faa755449b4f65b88b7df65ae05f89",
                "sha256:9f4cd7832b35e736b739be03b55875706c8c3e5fe334a06210f1a61e5c2c8ca5",
                "sha256:adab43bf657488300d3aeeb8030d7f024fcc86e3a9b8848741ea2ea903e56610",
                "sha256:bd2834d496ba9b1bdda3a6cf3de4dc0d4a0e7be306335940402ec95132ad063d",
                "sha256:d20c0360940f30003a23c0adae2fe50a0a04f3e48dc05c298493b51fd6280197",
                "sha256:d3b3ed87061d2314ff3659bb73896e622252da52558f2380f12c421fbdee3d89",
                "sha256:dc235bf29a406dfda5790d01b998a1c01d7d37f449128c0b1b7d1c89a84fae8b",
                "sha256:fb3c83554f39f48f3fa3123b9c24aecf681b1c289f9334f8215c1d3c8e2f6e5b"
            ],
            "version": "==1.16.2"
        },
        "openpyxl": {
            "hashes": [
                "sha256:1d2af392cef8c8227bd2ac3ebe3a28b25aba74fd4fa473ce106065f0b73bfe2e"
            ],
            "index": "pypi",
            "version": "==2.6.2"
        },
        "pandas": {
            "hashes": [
                "sha256:071e42b89b57baa17031af8c6b6bbd2e9a5c68c595bc6bf9adabd7a9ed125d3b",
                "sha256:17450e25ae69e2e6b303817bdf26b2cd57f69595d8550a77c308be0cd0fd58fa",
                "sha256:17916d818592c9ec891cbef2e90f98cc85e0f1e89ed0924c9b5220dc3209c846",
                "sha256:2538f099ab0e9f9c9d09bbcd94b47fd889bad06dc7ae96b1ed583f1dc1a7a822",
                "sha256:366f30710172cb45a6b4f43b66c220653b1ea50303fbbd94e50571637ffb9167",
                "sha256:42e5ad741a0d09232efbc7fc648226ed93306551772fc8aecc6dce9f0e676794",
                "sha256:4e718e7f395ba5bfe8b6f6aaf2ff1c65a09bb77a36af6394621434e7cc813204",
                "sha256:4f919f409c433577a501e023943e582c57355d50a724c589e78bc1d551a535a2",
                "sha256:4fe0d7e6438212e839fc5010c78b822664f1a824c0d263fd858f44131d9166e2",
                "sha256:5149a6db3e74f23dc3f5a216c2c9ae2e12920aa2d4a5b77e44e5b804a5f93248",
                "sha256:627594338d6dd995cfc0bacd8e654cd9e1252d2a7c959449228df6740d737eb8",
                "sha256:83c702615052f2a0a7fb1dd289726e29ec87a27272d775cb77affe749cca28f8",
                "sha256:8c872f7fdf3018b7891e1e3e86c55b190e6c5cee70cab771e8f246c855001296",
                "sha256:90f116086063934afd51e61a802a943826d2aac572b2f7d55caaac51c13db5b5",
                "sha256:a3352bacac12e1fc646213b998bce586f965c9d431773d9e91db27c7c48a1f7d",
                "sha256:bcdd06007cca02d51350f96debe51331dec429ac8f93930a43eb8fb5639e3eb5",
                "sha256:c1bd07ebc15285535f61ddd8c0c75d0d6293e80e1ee6d9a8d73f3f36954342d0",
                "sha256:c9a4b7c55115eb278c19aa14b34fcf5920c8fe7797a09b7b053ddd6195ea89b3",
                "sha256:cc8fc0c7a8d5951dc738f1c1447f71c43734244453616f32b8aa0ef6013a5dfb",
                "sha256:d7b460bc316064540ce0c41c1438c416a40746fd8a4fb2999668bf18f3c4acf1"
            ],
            "index": "pypi",
            "version": "==0.24.2"
        },
        "parso": {
            "hashes": [
                "sha256:17cc2d7a945eb42c3569d4564cdf49bde221bc2b552af3eca9c1aad517dcdd33",
                "sha256:2e9574cb12e7112a87253e14e2c380ce312060269d04bd018478a3c92ea9a376"
            ],
            "version": "==0.4.0"
        },
        "pefile": {
            "hashes": [
                "sha256:4c5b7e2de0c8cb6c504592167acf83115cbbde01fe4a507c16a1422850e86cd6"
            ],
            "version": "==2018.8.8"
        },
        "pickleshare": {
            "hashes": [
                "sha256:87683d47965c1da65cdacaf31c8441d12b8044cdec9aca500cd78fc2c683afca",
                "sha256:9649af414d74d4df115d5d718f82acb59c9d418196b7b4290ed47a12ce62df56"
            ],
            "version": "==0.7.5"
        },
        "pillow": {
            "hashes": [
                "sha256:15c056bfa284c30a7f265a41ac4cbbc93bdbfc0dfe0613b9cb8a8581b51a9e55",
                "sha256:1a4e06ba4f74494ea0c58c24de2bb752818e9d504474ec95b0aa94f6b0a7e479",
                "sha256:1c3c707c76be43c9e99cb7e3d5f1bee1c8e5be8b8a2a5eeee665efbf8ddde91a",
                "sha256:1fd0b290203e3b0882d9605d807b03c0f47e3440f97824586c173eca0aadd99d",
                "sha256:24114e4a6e1870c5a24b1da8f60d0ba77a0b4027907860188ea82bd3508c80eb",
                "sha256:258d886a49b6b058cd7abb0ab4b2b85ce78669a857398e83e8b8e28b317b5abb",
                "sha256:33c79b6dd6bc7f65079ab9ca5bebffb5f5d1141c689c9c6a7855776d1b09b7e8",
                "sha256:367385fc797b2c31564c427430c7a8630db1a00bd040555dfc1d5c52e39fcd72",
                "sha256:3c1884ff078fb8bf5f63d7d86921838b82ed4a7d0c027add773c2f38b3168754",
                "sha256:44e5240e8f4f8861d748f2a58b3f04daadab5e22bfec896bf5434745f788f33f",
                "sha256:46aa988e15f3ea72dddd81afe3839437b755fffddb5e173886f11460be909dce",
                "sha256:74d90d499c9c736d52dd6d9b7221af5665b9c04f1767e35f5dd8694324bd4601",
                "sha256:809c0a2ce9032cbcd7b5313f71af4bdc5c8c771cb86eb7559afd954cab82ebb5",
                "sha256:85d1ef2cdafd5507c4221d201aaf62fc9276f8b0f71bd3933363e62a33abc734",
                "sha256:8c3889c7681af77ecfa4431cd42a2885d093ecb811e81fbe5e203abc07e0995b",
                "sha256:9218d81b9fca98d2c47d35d688a0cea0c42fd473159dfd5612dcb0483c63e40b",
                "sha256:9aa4f3827992288edd37c9df345783a69ef58bd20cc02e64b36e44bcd157bbf1",
                "sha256:9d80f44137a70b6f84c750d11019a3419f409c944526a95219bea0ac31f4dd91",
                "sha256:b7ebd36128a2fe93991293f997e44be9286503c7530ace6a55b938b20be288d8",
                "sha256:c4c78e2c71c257c136cdd43869fd3d5e34fc2162dc22e4a5406b0ebe86958239",
                "sha256:c6a842537f887be1fe115d8abb5daa9bc8cc124e455ff995830cc785624a97af",
                "sha256:cf0a2e040fdf5a6d95f4c286c6ef1df6b36c218b528c8a9158ec2452a804b9b8",
                "sha256:cfd28aad6fc61f7a5d4ee556a997dc6e5555d9381d1390c00ecaf984d57e4232",
                "sha256:dca5660e25932771460d4688ccbb515677caaf8595f3f3240ec16c117deff89a",
                "sha256:de7aedc85918c2f887886442e50f52c1b93545606317956d65f342bd81cb4fc3",
                "sha256:e6c0bbf8e277b74196e3140c35f9a1ae3eafd818f7f2d3a15819c49135d6c062"
            ],
            "index": "pypi",
            "version": "==6.0.0"
        },
        "prompt-toolkit": {
            "hashes": [
                "sha256:11adf3389a996a6d45cc277580d0d53e8a5afd281d0c9ec71b28e6f121463780",
                "sha256:2519ad1d8038fd5fc8e770362237ad0364d16a7650fb5724af6997ed5515e3c1",
                "sha256:977c6583ae813a37dc1c2e1b715892461fcbdaa57f6fc62f33a528c4886c8f55"
            ],
            "version": "==2.0.9"
        },
        "pygments": {
            "hashes": [
                "sha256:5ffada19f6203563680669ee7f53b64dabbeb100eb51b61996085e99c03b284a",
                "sha256:e8218dd399a61674745138520d0d4cf2621d7e032439341bc3f647bff125818d"
            ],
            "version": "==2.3.1"
        },
        "pyinstaller": {
            "hashes": [
                "sha256:a5a6e04a66abfcf8761e89a2ebad937919c6be33a7b8963e1a961b55cb35986b"
            ],
            "index": "pypi",
            "version": "==3.4"
        },
        "pyqt5": {
            "hashes": [
                "sha256:020e8771ad66429587d3db6cceb028be3435e2c65f417dcc8e3b3e644b6ab1d7",
                "sha256:399fd9c3b3786210d9d2a86bc73255cc03c997b454480b7c0daf3e1a09e1ab58",
                "sha256:c0565737d1d5fd40a7e14b6692bfec1f1e1f0be082ae70d1776c44561980e3c4",
                "sha256:d4e88208dfd017636e4b1f407990d0c3b6cf47afed6be4f2fb6ca887ef513e4b"
            ],
            "index": "pypi",
            "version": "==5.12.1"
        },
        "pyqt5-sip": {
            "hashes": [
                "sha256:0aed4266e52f4d11947439d9df8c57d4578e92258ad0d70645f9f69b627b35c7",
                "sha256:15750a4a3718c68ba662eede7310612aedad70c9727497908bf2eeddd255d16f",
                "sha256:2071265b7a603354b624b6cfae4ea032719e341799fb925961fd192f328fd203",
                "sha256:31a59f76168df007b480b9382256c20f8898c642e1394df2990559f0f6389f66",
                "sha256:39ce455bf5be5c1b20db10d840a536f70c3454be3baa7adca22f67ed90507853",
                "sha256:5d8a4b8e75fa6c9f837ea92793f1aeacbf3929f1d11cdf36f9604c1876182aca",
                "sha256:6bf9bacac776257390dd3f8a703d12c8228e4eb1aa0b191f1550965f44e4c23a",
                "sha256:87a76841e07e6dae5df34dded427708b5ea8d605c017e0bb6e56a7354959271e",
                "sha256:9f0ad4198f2657da9d59a393c266959362c517445cace842051e5ad564fa8fb0",
                "sha256:cbb0f24e3bfa1403bf3a05f30066d4457509aa411d6c6823d02b0508b787b8ea",
                "sha256:d38d379fa4f5c86a8ea92b8fab42748f37de093d21a25c34b2339eb2764ee5d5",
                "sha256:f24413d34707525a0fe1448b9574089242b9baa7c604ae5714abef9ad1749839"
            ],
            "version": "==4.19.15"
        },
        "pyqtchart": {
            "hashes": [
                "sha256:0f2b831a35b8e9e32bb86ade9aa54b0a04d88d9ae9a85fdd5f330981fae9a894",
                "sha256:4191b0de5bdd77e6eba426e0097e5a654d53cd797180190cc2ce1b9e00d73524",
                "sha256:8bca3c0a87000f2b11bbdc790ccf555f3d57f421e1140321184c0466769dd5ef",
                "sha256:b6cb4a58ddebe94f2e1973d54b222ab3b135c5e6386c68a555b6e440f91a29ea"
            ],
            "index": "pypi",
            "version": "==5.12"
        },
        "pyqtdeploy": {
            "hashes": [
                "sha256:f9a206afa7715e3741883ee91c368a65e72021c965a743ac1b2aa22ab790c77c",
                "sha256:fc2cd0e7c04a3280f473cc412b8238fd415884ae1b51eb02ad6f5cbba1d9b388"
            ],
            "index": "pypi",
            "version": "==2.4"
        },
        "python-dateutil": {
            "hashes": [
                "sha256:7e6584c74aeed623791615e26efd690f29817a27c73085b78e4bad02493df2fb",
                "sha256:c89805f6f4d64db21ed966fda138f8a5ed7a4fdbc1a8ee329ce1b74e3c74da9e"
            ],
            "version": "==2.8.0"
        },
        "pytz": {
            "hashes": [
                "sha256:303879e36b721603cc54604edcac9d20401bdbe31e1e4fdee5b9f98d5d31dfda",
                "sha256:d747dd3d23d77ef44c6a3526e274af6efeb0a6f1afd5a69ba4d5be4098c8e141"
            ],
            "version": "==2019.1"
        },
        "pywin32-ctypes": {
            "hashes": [
                "sha256:24ffc3b341d457d48e8922352130cf2644024a4ff09762a2261fd34c36ee5942",
                "sha256:9dc2d991b3479cc2df15930958b674a48a227d5361d413827a4cfd0b5876fc98"
            ],
            "version": "==0.2.0"
        },
        "requests": {
            "hashes": [
                "sha256:502a824f31acdacb3a35b6690b5fbf0bc41d63a24a45c4004352b0242707598e",
                "sha256:7bf2a778576d825600030a110f3c0e3e8edc51dfaafe1c146e39a2027784957b"
            ],
            "index": "pypi",
            "version": "==2.21.0"
        },
        "six": {
            "hashes": [
                "sha256:3350809f0555b11f552448330d0b52d5f24c91a322ea4a15ef22629740f3761c",
                "sha256:d16a0141ec1a18405cd4ce8b4613101da75da0e9a7aec5bdd4fa804d0e0eba73"
            ],
            "version": "==1.12.0"
        },
        "traitlets": {
            "hashes": [
                "sha256:9c4bd2d267b7153df9152698efb1050a5d84982d3384a37b2c1f7723ba3e7835",
                "sha256:c6cb5e6f57c5a9bdaa40fa71ce7b4af30298fbab9ece9815b5d995ab6217c7d9"
            ],
            "version": "==4.3.2"
        },
        "tzlocal": {
            "hashes": [
                "sha256:4ebeb848845ac898da6519b9b31879cf13b6626f7184c496037b818e238f2c4e"
            ],
            "index": "pypi",
            "version": "==1.5.1"
        },
        "urllib3": {
            "hashes": [
                "sha256:61bf29cada3fc2fbefad4fdf059ea4bd1b4a86d2b6d15e1c7c0b582b9752fe39",
                "sha256:de9529817c93f27c8ccbfead6985011db27bd0ddfcdb2d86f3f663385c6a9c22"
            ],
            "version": "==1.24.1"
        },
        "wcwidth": {
            "hashes": [
                "sha256:3df37372226d6e63e1b1e1eda15c594bca98a22d33a23832a90998faa96bc65e",
                "sha256:f4ebe71925af7b40a864553f761ed559b43544f8f71746c2d756c7fe788ade7c"
            ],
            "version": "==0.1.7"
        },
        "xlrd": {
            "hashes": [
                "sha256:546eb36cee8db40c3eaa46c351e67ffee6eeb5fa2650b71bc4c758a29a1b29b2",
                "sha256:e551fb498759fa3a5384a94ccd4c3c02eb7c00ea424426e212ac0c57be9dfbde"
            ],
            "index": "pypi",
            "version": "==1.2.0"
        }
    },
    "develop": {}
}
